
Microsoft Visual Studio Solution File, Format Version 12.00
# Visual Studio Version 17
VisualStudioVersion = 17.5.002.0
MinimumVisualStudioVersion = 10.0.40219.1
Project("{9A19103F-16F7-4668-BE54-9A1E7A4F7556}") = "MaestroMediaCenter", "MaestroMediaCenter\MaestroMediaCenter.csproj", "{CF507CBB-3E64-4B5E-811A-C111D6D648D1}"
EndProject
Project("{FAE04EC0-301F-11D3-BF4B-00C04F79EFBC}") = "Maestro.Web.Api.Tests", "Maestro.Web.Api.Tests\Maestro.Web.Api.Tests.csproj", "{618804AB-B151-4439-B23E-2C6BCC0E5C1E}"
EndProject
Project("{FAE04EC0-301F-11D3-BF4B-00C04F79EFBC}") = "Maestro.Core.Abstractions", "Maestro.Core.Abstractions\Maestro.Core.Abstractions.csproj", "{6964E987-88E6-452F-9C09-D89843F4CAEF}"
EndProject
Project("{FAE04EC0-301F-11D3-BF4B-00C04F79EFBC}") = "Maestro.Analyzers", "Maestro.Analyzers\Maestro.Analyzers.csproj", "{CB58EBA8-4083-4DB9-8127-2A10AA2C66EF}"
EndProject
Project("{FAE04EC0-301F-11D3-BF4B-00C04F79EFBC}") = "Maestro.Deploy.Aws", "Maestro.Deploy.Aws\Maestro.Deploy.Aws.csproj", "{D5F7AFE0-940B-4EF3-BF2E-5D31B4BC8B32}"
EndProject
Project("{FAE04EC0-301F-11D3-BF4B-00C04F79EFBC}") = "Maestro.Events.Runner", "Maestro.Events.Runner\Maestro.Events.Runner.csproj", "{E7DD640D-123B-4958-A4E5-92136DEFAB21}"
EndProject
Project("{FAE04EC0-301F-11D3-BF4B-00C04F79EFBC}") = "Maestro.Web", "Maestro.Web\Maestro.Web.csproj", "{D861B033-03E5-42BA-9A7F-EE1FF77F5117}"
EndProject
Project("{FAE04EC0-301F-11D3-BF4B-00C04F79EFBC}") = "Maestro.ServiceDefaults", "Maestro.ServiceDefaults\Maestro.ServiceDefaults.csproj", "{73E7B0E1-0FA9-4E52-93D7-94ABA4967E30}"
EndProject
Project("{FAE04EC0-301F-11D3-BF4B-00C04F79EFBC}") = "Maestro.AppHost", "Maestro.AppHost\Maestro.AppHost.csproj", "{9686FA75-A7D3-4B80-9B60-65CBB6FF6E8D}"
EndProject
Project("{FAE04EC0-301F-11D3-BF4B-00C04F79EFBC}") = "Maestro.Web.Ui", "Maestro.Web.Ui\Maestro.Web.Ui.csproj", "{5D7F57D3-45F6-4C9C-9397-6497A4FA352E}"
EndProject
Project("{FAE04EC0-301F-11D3-BF4B-00C04F79EFBC}") = "Maestro.Maui", "Maestro.Maui\Maestro.Maui.csproj", "{7D1FF239-E92B-44BF-9557-3158D712CCCA}"
EndProject
Global
	GlobalSection(SolutionConfigurationPlatforms) = preSolution
		Debug|Any CPU = Debug|Any CPU
		Release|Any CPU = Release|Any CPU
	EndGlobalSection
	GlobalSection(ProjectConfigurationPlatforms) = postSolution
		{CF507CBB-3E64-4B5E-811A-C111D6D648D1}.Debug|Any CPU.ActiveCfg = Debug|Any CPU
		{CF507CBB-3E64-4B5E-811A-C111D6D648D1}.Debug|Any CPU.Build.0 = Debug|Any CPU
		{CF507CBB-3E64-4B5E-811A-C111D6D648D1}.Release|Any CPU.ActiveCfg = Release|Any CPU
		{CF507CBB-3E64-4B5E-811A-C111D6D648D1}.Release|Any CPU.Build.0 = Release|Any CPU
		{618804AB-B151-4439-B23E-2C6BCC0E5C1E}.Debug|Any CPU.ActiveCfg = Debug|Any CPU
		{618804AB-B151-4439-B23E-2C6BCC0E5C1E}.Debug|Any CPU.Build.0 = Debug|Any CPU
		{618804AB-B151-4439-B23E-2C6BCC0E5C1E}.Release|Any CPU.ActiveCfg = Release|Any CPU
		{618804AB-B151-4439-B23E-2C6BCC0E5C1E}.Release|Any CPU.Build.0 = Release|Any CPU
		{6964E987-88E6-452F-9C09-D89843F4CAEF}.Debug|Any CPU.ActiveCfg = Debug|Any CPU
		{6964E987-88E6-452F-9C09-D89843F4CAEF}.Debug|Any CPU.Build.0 = Debug|Any CPU
		{6964E987-88E6-452F-9C09-D89843F4CAEF}.Release|Any CPU.ActiveCfg = Release|Any CPU
		{6964E987-88E6-452F-9C09-D89843F4CAEF}.Release|Any CPU.Build.0 = Release|Any CPU
		{CB58EBA8-4083-4DB9-8127-2A10AA2C66EF}.Debug|Any CPU.ActiveCfg = Debug|Any CPU
		{CB58EBA8-4083-4DB9-8127-2A10AA2C66EF}.Debug|Any CPU.Build.0 = Debug|Any CPU
		{CB58EBA8-4083-4DB9-8127-2A10AA2C66EF}.Release|Any CPU.ActiveCfg = Release|Any CPU
		{CB58EBA8-4083-4DB9-8127-2A10AA2C66EF}.Release|Any CPU.Build.0 = Release|Any CPU
		{D5F7AFE0-940B-4EF3-BF2E-5D31B4BC8B32}.Debug|Any CPU.ActiveCfg = Debug|Any CPU
		{D5F7AFE0-940B-4EF3-BF2E-5D31B4BC8B32}.Debug|Any CPU.Build.0 = Debug|Any CPU
		{D5F7AFE0-940B-4EF3-BF2E-5D31B4BC8B32}.Release|Any CPU.ActiveCfg = Release|Any CPU
		{D5F7AFE0-940B-4EF3-BF2E-5D31B4BC8B32}.Release|Any CPU.Build.0 = Release|Any CPU
		{E7DD640D-123B-4958-A4E5-92136DEFAB21}.Debug|Any CPU.ActiveCfg = Debug|Any CPU
		{E7DD640D-123B-4958-A4E5-92136DEFAB21}.Debug|Any CPU.Build.0 = Debug|Any CPU
		{E7DD640D-123B-4958-A4E5-92136DEFAB21}.Release|Any CPU.ActiveCfg = Release|Any CPU
		{E7DD640D-123B-4958-A4E5-92136DEFAB21}.Release|Any CPU.Build.0 = Release|Any CPU
		{D861B033-03E5-42BA-9A7F-EE1FF77F5117}.Debug|Any CPU.ActiveCfg = Debug|Any CPU
		{D861B033-03E5-42BA-9A7F-EE1FF77F5117}.Debug|Any CPU.Build.0 = Debug|Any CPU
		{D861B033-03E5-42BA-9A7F-EE1FF77F5117}.Release|Any CPU.ActiveCfg = Release|Any CPU
		{D861B033-03E5-42BA-9A7F-EE1FF77F5117}.Release|Any CPU.Build.0 = Release|Any CPU
		{73E7B0E1-0FA9-4E52-93D7-94ABA4967E30}.Debug|Any CPU.ActiveCfg = Debug|Any CPU
		{73E7B0E1-0FA9-4E52-93D7-94ABA4967E30}.Debug|Any CPU.Build.0 = Debug|Any CPU
		{73E7B0E1-0FA9-4E52-93D7-94ABA4967E30}.Release|Any CPU.ActiveCfg = Release|Any CPU
		{73E7B0E1-0FA9-4E52-93D7-94ABA4967E30}.Release|Any CPU.Build.0 = Release|Any CPU
		{9686FA75-A7D3-4B80-9B60-65CBB6FF6E8D}.Debug|Any CPU.ActiveCfg = Debug|Any CPU
		{9686FA75-A7D3-4B80-9B60-65CBB6FF6E8D}.Debug|Any CPU.Build.0 = Debug|Any CPU
		{9686FA75-A7D3-4B80-9B60-65CBB6FF6E8D}.Release|Any CPU.ActiveCfg = Release|Any CPU
		{9686FA75-A7D3-4B80-9B60-65CBB6FF6E8D}.Release|Any CPU.Build.0 = Release|Any CPU
		{5D7F57D3-45F6-4C9C-9397-6497A4FA352E}.Debug|Any CPU.ActiveCfg = Debug|Any CPU
		{5D7F57D3-45F6-4C9C-9397-6497A4FA352E}.Debug|Any CPU.Build.0 = Debug|Any CPU
		{5D7F57D3-45F6-4C9C-9397-6497A4FA352E}.Release|Any CPU.ActiveCfg = Release|Any CPU
		{5D7F57D3-45F6-4C9C-9397-6497A4FA352E}.Release|Any CPU.Build.0 = Release|Any CPU
		{7D1FF239-E92B-44BF-9557-3158D712CCCA}.Debug|Any CPU.ActiveCfg = Debug|Any CPU
		{7D1FF239-E92B-44BF-9557-3158D712CCCA}.Debug|Any CPU.Build.0 = Debug|Any CPU
		{7D1FF239-E92B-44BF-9557-3158D712CCCA}.Release|Any CPU.ActiveCfg = Release|Any CPU
		{7D1FF239-E92B-44BF-9557-3158D712CCCA}.Release|Any CPU.Build.0 = Release|Any CPU
	EndGlobalSection
	GlobalSection(SolutionProperties) = preSolution
		HideSolutionNode = FALSE
	EndGlobalSection
	GlobalSection(ExtensibilityGlobals) = postSolution
		SolutionGuid = {49AD815C-1D09-4B82-A059-7D7FA1FAF85D}
	EndGlobalSection
EndGlobal
